
Microsoft Visual Studio Solution File, Format Version 12.00
# Visual Studio Version 16
VisualStudioVersion = 16.0.29519.87
MinimumVisualStudioVersion = 10.0.40219.1
Project("{9A19103F-16F7-4668-BE54-9A1E7A4F7556}") = "SW-Core", "SW-Core\SW-Core.csproj", "{CD754C4A-04AA-40B3-9099-7E5D64085E16}"
EndProject
Global
	GlobalSection(SolutionConfigurationPlatforms) = preSolution
		Debug|Any CPU = Debug|Any CPU
		Release|Any CPU = Release|Any CPU
		SW-Core with params|Any CPU = SW-Core with params|Any CPU
	EndGlobalSection
	GlobalSection(ProjectConfigurationPlatforms) = postSolution
		{CD754C4A-04AA-40B3-9099-7E5D64085E16}.Debug|Any CPU.ActiveCfg = Debug|Any CPU
		{CD754C4A-04AA-40B3-9099-7E5D64085E16}.Debug|Any CPU.Build.0 = Debug|Any CPU
		{CD754C4A-04AA-40B3-9099-7E5D64085E16}.Release|Any CPU.ActiveCfg = Release|Any CPU
		{CD754C4A-04AA-40B3-9099-7E5D64085E16}.Release|Any CPU.Build.0 = Release|Any CPU
		{CD754C4A-04AA-40B3-9099-7E5D64085E16}.SW-Core with params|Any CPU.ActiveCfg = SW-Core with params|Any CPU
		{CD754C4A-04AA-40B3-9099-7E5D64085E16}.SW-Core with params|Any CPU.Build.0 = SW-Core with params|Any CPU
	EndGlobalSection
	GlobalSection(SolutionProperties) = preSolution
		HideSolutionNode = FALSE
	EndGlobalSection
	GlobalSection(ExtensibilityGlobals) = postSolution
		SolutionGuid = {EDC7A28C-5AE4-4469-B797-DF99236AF005}
	EndGlobalSection
EndGlobal
